
Microsoft Visual Studio Solution File, Format Version 12.00
# Visual Studio Version 17
VisualStudioVersion = 17.11.34909.67
MinimumVisualStudioVersion = 10.0.40219.1
Project("{2150E333-8FDC-42A3-9474-1A3956D46DE8}") = "src", "src", "{72532A15-4E32-4507-89B2-0D80F6A7681F}"
EndProject
Project("{2150E333-8FDC-42A3-9474-1A3956D46DE8}") = "buildingBlocks", "buildingBlocks", "{77F81B70-A737-439F-B3E1-51F68D529BD9}"
EndProject
Project("{9A19103F-16F7-4668-BE54-9A1E7A4F7556}") = "BuildingBlocks", "src\buildingBlocks\BuildingBlocks.csproj", "{7B6A3311-843B-40FB-ABEE-B9EA51205A9F}"
EndProject
Project("{9A19103F-16F7-4668-BE54-9A1E7A4F7556}") = "EgyptianeInvoicing.SignApi", "src\EgyptianeInvoicing.SignApi\EgyptianeInvoicing.SignApi.csproj", "{4B56C620-18F5-4471-9333-E211FF70FBB3}"
EndProject
Project("{9A19103F-16F7-4668-BE54-9A1E7A4F7556}") = "EgyptianeInvoicing.Shared", "src\EgyptianeInvoicing.Shared\EgyptianeInvoicing.Shared.csproj", "{19432857-11BA-4585-97CE-4EC86EBCAECF}"
EndProject
Project("{9A19103F-16F7-4668-BE54-9A1E7A4F7556}") = "EgyptianeInvoicing.Signer", "src\EgyptianeInvoicing.Signer\EgyptianeInvoicing.Signer.csproj", "{57D55553-C698-4915-8C0D-C1D534AA095F}"
EndProject
Project("{9A19103F-16F7-4668-BE54-9A1E7A4F7556}") = "EgyptianeInvoicing.Core", "src\EgyptianeInvoicing.Core\EgyptianeInvoicing.Core.csproj", "{7020C5CE-6257-4819-B859-277E73850B3D}"
EndProject
Project("{9A19103F-16F7-4668-BE54-9A1E7A4F7556}") = "EgyptianeInvoicing.MVC", "src\EgyptianeInvoicing.MVC\EgyptianeInvoicing.MVC.csproj", "{7E221FD4-D179-4478-9346-78CC351C20CF}"
EndProject
Project("{2150E333-8FDC-42A3-9474-1A3956D46DE8}") = "backend", "backend", "{5D579DB0-E58D-4B95-884C-1930F07BDB5E}"
EndProject
Project("{2150E333-8FDC-42A3-9474-1A3956D46DE8}") = "frontend", "frontend", "{785C68BA-EBE9-4687-914E-E86F075BAEDB}"
EndProject
Project("{FAE04EC0-301F-11D3-BF4B-00C04F79EFBC}") = "EgyptianeInvoicing.WPF", "src\EgyptianeInvoicing.WPF\EgyptianeInvoicing.WPF.csproj", "{43FEB71E-9D38-4FA0-9C3F-D60F5C6A0B37}"
EndProject
Global
	GlobalSection(SolutionConfigurationPlatforms) = preSolution
		Debug|Any CPU = Debug|Any CPU
		Release|Any CPU = Release|Any CPU
	EndGlobalSection
	GlobalSection(ProjectConfigurationPlatforms) = postSolution
		{7B6A3311-843B-40FB-ABEE-B9EA51205A9F}.Debug|Any CPU.ActiveCfg = Debug|Any CPU
		{7B6A3311-843B-40FB-ABEE-B9EA51205A9F}.Debug|Any CPU.Build.0 = Debug|Any CPU
		{7B6A3311-843B-40FB-ABEE-B9EA51205A9F}.Release|Any CPU.ActiveCfg = Release|Any CPU
		{7B6A3311-843B-40FB-ABEE-B9EA51205A9F}.Release|Any CPU.Build.0 = Release|Any CPU
		{4B56C620-18F5-4471-9333-E211FF70FBB3}.Debug|Any CPU.ActiveCfg = Debug|Any CPU
		{4B56C620-18F5-4471-9333-E211FF70FBB3}.Debug|Any CPU.Build.0 = Debug|Any CPU
		{4B56C620-18F5-4471-9333-E211FF70FBB3}.Release|Any CPU.ActiveCfg = Release|Any CPU
		{4B56C620-18F5-4471-9333-E211FF70FBB3}.Release|Any CPU.Build.0 = Release|Any CPU
		{19432857-11BA-4585-97CE-4EC86EBCAECF}.Debug|Any CPU.ActiveCfg = Debug|Any CPU
		{19432857-11BA-4585-97CE-4EC86EBCAECF}.Debug|Any CPU.Build.0 = Debug|Any CPU
		{19432857-11BA-4585-97CE-4EC86EBCAECF}.Release|Any CPU.ActiveCfg = Release|Any CPU
		{19432857-11BA-4585-97CE-4EC86EBCAECF}.Release|Any CPU.Build.0 = Release|Any CPU
		{57D55553-C698-4915-8C0D-C1D534AA095F}.Debug|Any CPU.ActiveCfg = Debug|Any CPU
		{57D55553-C698-4915-8C0D-C1D534AA095F}.Debug|Any CPU.Build.0 = Debug|Any CPU
		{57D55553-C698-4915-8C0D-C1D534AA095F}.Release|Any CPU.ActiveCfg = Release|Any CPU
		{57D55553-C698-4915-8C0D-C1D534AA095F}.Release|Any CPU.Build.0 = Release|Any CPU
		{7020C5CE-6257-4819-B859-277E73850B3D}.Debug|Any CPU.ActiveCfg = Debug|Any CPU
		{7020C5CE-6257-4819-B859-277E73850B3D}.Debug|Any CPU.Build.0 = Debug|Any CPU
		{7020C5CE-6257-4819-B859-277E73850B3D}.Release|Any CPU.ActiveCfg = Release|Any CPU
		{7020C5CE-6257-4819-B859-277E73850B3D}.Release|Any CPU.Build.0 = Release|Any CPU
		{7E221FD4-D179-4478-9346-78CC351C20CF}.Debug|Any CPU.ActiveCfg = Debug|Any CPU
		{7E221FD4-D179-4478-9346-78CC351C20CF}.Debug|Any CPU.Build.0 = Debug|Any CPU
		{7E221FD4-D179-4478-9346-78CC351C20CF}.Release|Any CPU.ActiveCfg = Release|Any CPU
		{7E221FD4-D179-4478-9346-78CC351C20CF}.Release|Any CPU.Build.0 = Release|Any CPU
		{43FEB71E-9D38-4FA0-9C3F-D60F5C6A0B37}.Debug|Any CPU.ActiveCfg = Debug|Any CPU
		{43FEB71E-9D38-4FA0-9C3F-D60F5C6A0B37}.Debug|Any CPU.Build.0 = Debug|Any CPU
		{43FEB71E-9D38-4FA0-9C3F-D60F5C6A0B37}.Release|Any CPU.ActiveCfg = Release|Any CPU
		{43FEB71E-9D38-4FA0-9C3F-D60F5C6A0B37}.Release|Any CPU.Build.0 = Release|Any CPU
	EndGlobalSection
	GlobalSection(SolutionProperties) = preSolution
		HideSolutionNode = FALSE
	EndGlobalSection
	GlobalSection(NestedProjects) = preSolution
		{77F81B70-A737-439F-B3E1-51F68D529BD9} = {72532A15-4E32-4507-89B2-0D80F6A7681F}
		{7B6A3311-843B-40FB-ABEE-B9EA51205A9F} = {77F81B70-A737-439F-B3E1-51F68D529BD9}
		{4B56C620-18F5-4471-9333-E211FF70FBB3} = {5D579DB0-E58D-4B95-884C-1930F07BDB5E}
		{19432857-11BA-4585-97CE-4EC86EBCAECF} = {72532A15-4E32-4507-89B2-0D80F6A7681F}
		{57D55553-C698-4915-8C0D-C1D534AA095F} = {5D579DB0-E58D-4B95-884C-1930F07BDB5E}
		{7020C5CE-6257-4819-B859-277E73850B3D} = {5D579DB0-E58D-4B95-884C-1930F07BDB5E}
		{7E221FD4-D179-4478-9346-78CC351C20CF} = {785C68BA-EBE9-4687-914E-E86F075BAEDB}
		{5D579DB0-E58D-4B95-884C-1930F07BDB5E} = {72532A15-4E32-4507-89B2-0D80F6A7681F}
		{785C68BA-EBE9-4687-914E-E86F075BAEDB} = {72532A15-4E32-4507-89B2-0D80F6A7681F}
		{43FEB71E-9D38-4FA0-9C3F-D60F5C6A0B37} = {785C68BA-EBE9-4687-914E-E86F075BAEDB}
	EndGlobalSection
	GlobalSection(ExtensibilityGlobals) = postSolution
		SolutionGuid = {9FB79747-AE65-4FDE-9CF3-7FD6BB031CA0}
	EndGlobalSection
EndGlobal
